
Microsoft Visual Studio Solution File, Format Version 12.00
# Visual Studio 2013
VisualStudioVersion = 12.0.30501.0
MinimumVisualStudioVersion = 10.0.40219.1
Project("{FAE04EC0-301F-11D3-BF4B-00C04F79EFBC}") = "TESTProject", "TESTProject\TESTProject.csproj", "{9CBBC2D3-7D2F-46DF-B478-739985A84A00}"
EndProject
Project("{FAE04EC0-301F-11D3-BF4B-00C04F79EFBC}") = "TESTEntity", "TESTEntity\TESTEntity.csproj", "{FC341CF3-BD26-4A52-8CBD-457ED4CC42A7}"
EndProject
Project("{FAE04EC0-301F-11D3-BF4B-00C04F79EFBC}") = "TESTManager", "TESTManager\TESTManager.csproj", "{04038975-EFFE-4291-8E7C-BE84DB344699}"
EndProject
Project("{FAE04EC0-301F-11D3-BF4B-00C04F79EFBC}") = "DataAccess", "DataAccess\DataAccess.csproj", "{468F7001-7EA7-4868-8237-D05A766B6321}"
EndProject
Global
	GlobalSection(SolutionConfigurationPlatforms) = preSolution
		Debug|Any CPU = Debug|Any CPU
		Release|Any CPU = Release|Any CPU
	EndGlobalSection
	GlobalSection(ProjectConfigurationPlatforms) = postSolution
		{9CBBC2D3-7D2F-46DF-B478-739985A84A00}.Debug|Any CPU.ActiveCfg = Debug|Any CPU
		{9CBBC2D3-7D2F-46DF-B478-739985A84A00}.Debug|Any CPU.Build.0 = Debug|Any CPU
		{9CBBC2D3-7D2F-46DF-B478-739985A84A00}.Release|Any CPU.ActiveCfg = Release|Any CPU
		{9CBBC2D3-7D2F-46DF-B478-739985A84A00}.Release|Any CPU.Build.0 = Release|Any CPU
		{FC341CF3-BD26-4A52-8CBD-457ED4CC42A7}.Debug|Any CPU.ActiveCfg = Debug|Any CPU
		{FC341CF3-BD26-4A52-8CBD-457ED4CC42A7}.Debug|Any CPU.Build.0 = Debug|Any CPU
		{FC341CF3-BD26-4A52-8CBD-457ED4CC42A7}.Release|Any CPU.ActiveCfg = Release|Any CPU
		{FC341CF3-BD26-4A52-8CBD-457ED4CC42A7}.Release|Any CPU.Build.0 = Release|Any CPU
		{04038975-EFFE-4291-8E7C-BE84DB344699}.Debug|Any CPU.ActiveCfg = Debug|Any CPU
		{04038975-EFFE-4291-8E7C-BE84DB344699}.Debug|Any CPU.Build.0 = Debug|Any CPU
		{04038975-EFFE-4291-8E7C-BE84DB344699}.Release|Any CPU.ActiveCfg = Release|Any CPU
		{04038975-EFFE-4291-8E7C-BE84DB344699}.Release|Any CPU.Build.0 = Release|Any CPU
		{468F7001-7EA7-4868-8237-D05A766B6321}.Debug|Any CPU.ActiveCfg = Debug|Any CPU
		{468F7001-7EA7-4868-8237-D05A766B6321}.Debug|Any CPU.Build.0 = Debug|Any CPU
		{468F7001-7EA7-4868-8237-D05A766B6321}.Release|Any CPU.ActiveCfg = Release|Any CPU
		{468F7001-7EA7-4868-8237-D05A766B6321}.Release|Any CPU.Build.0 = Release|Any CPU
	EndGlobalSection
	GlobalSection(SolutionProperties) = preSolution
		HideSolutionNode = FALSE
	EndGlobalSection
EndGlobal
